
Microsoft Visual Studio Solution File, Format Version 12.00
# Visual Studio 15
VisualStudioVersion = 15.0.27703.2042
MinimumVisualStudioVersion = 10.0.40219.1
Project("{FAE04EC0-301F-11D3-BF4B-00C04F79EFBC}") = "MarketMakerServer", "MarketMakerServer\MarketMakerServer.csproj", "{A59D0797-D518-404D-8B9A-48F38D1FFB21}"
EndProject
Global
	GlobalSection(SolutionConfigurationPlatforms) = preSolution
		Debug|Any CPU = Debug|Any CPU
		Release|Any CPU = Release|Any CPU
	EndGlobalSection
	GlobalSection(ProjectConfigurationPlatforms) = postSolution
		{A59D0797-D518-404D-8B9A-48F38D1FFB21}.Debug|Any CPU.ActiveCfg = Debug|Any CPU
		{A59D0797-D518-404D-8B9A-48F38D1FFB21}.Debug|Any CPU.Build.0 = Debug|Any CPU
		{A59D0797-D518-404D-8B9A-48F38D1FFB21}.Release|Any CPU.ActiveCfg = Release|Any CPU
		{A59D0797-D518-404D-8B9A-48F38D1FFB21}.Release|Any CPU.Build.0 = Release|Any CPU
	EndGlobalSection
	GlobalSection(SolutionProperties) = preSolution
		HideSolutionNode = FALSE
	EndGlobalSection
	GlobalSection(ExtensibilityGlobals) = postSolution
		SolutionGuid = {FA783999-BBEB-4C34-B32D-10F5E2EBA814}
	EndGlobalSection
EndGlobal
